
Microsoft Visual Studio Solution File, Format Version 12.00
# Visual Studio 2015
Project("{FAE04EC0-301F-11D3-BF4B-00C04F79EFBC}") = "Physics2D.CSharp", "Physics2D.CSharp.csproj", "{DFA97849-004A-4662-2627-953B50AAC53F}"
EndProject
Global
	GlobalSection(SolutionConfigurationPlatforms) = preSolution
		Debug|Any CPU = Debug|Any CPU
		Release|Any CPU = Release|Any CPU
	EndGlobalSection
	GlobalSection(ProjectConfigurationPlatforms) = postSolution
		{DFA97849-004A-4662-2627-953B50AAC53F}.Debug|Any CPU.ActiveCfg = Debug|Any CPU
		{DFA97849-004A-4662-2627-953B50AAC53F}.Debug|Any CPU.Build.0 = Debug|Any CPU
		{DFA97849-004A-4662-2627-953B50AAC53F}.Release|Any CPU.ActiveCfg = Release|Any CPU
		{DFA97849-004A-4662-2627-953B50AAC53F}.Release|Any CPU.Build.0 = Release|Any CPU
	EndGlobalSection
	GlobalSection(SolutionProperties) = preSolution
		HideSolutionNode = FALSE
	EndGlobalSection
EndGlobal
