
Microsoft Visual Studio Solution File, Format Version 10.00
# Visual Studio 2008
Project("{8BC9CEB8-8B4A-11D0-8D11-00A0C91BC942}") = "Shroom", "Shroom\Shroom.vcproj", "{FB7A928C-C329-4A32-B06E-DF1EC33BEE3F}"
EndProject
Project("{8BC9CEB8-8B4A-11D0-8D11-00A0C91BC942}") = "ShroomBot", "ShroomBot\ShroomBot.vcproj", "{11E5DECF-13C5-495B-B56E-1605D16DEBD6}"
EndProject
Global
	GlobalSection(SolutionConfigurationPlatforms) = preSolution
		Debug|Win32 = Debug|Win32
		Release|Win32 = Release|Win32
	EndGlobalSection
	GlobalSection(ProjectConfigurationPlatforms) = postSolution
		{FB7A928C-C329-4A32-B06E-DF1EC33BEE3F}.Debug|Win32.ActiveCfg = Debug|Win32
		{FB7A928C-C329-4A32-B06E-DF1EC33BEE3F}.Debug|Win32.Build.0 = Debug|Win32
		{FB7A928C-C329-4A32-B06E-DF1EC33BEE3F}.Release|Win32.ActiveCfg = Release|Win32
		{FB7A928C-C329-4A32-B06E-DF1EC33BEE3F}.Release|Win32.Build.0 = Release|Win32
		{11E5DECF-13C5-495B-B56E-1605D16DEBD6}.Debug|Win32.ActiveCfg = Debug|Win32
		{11E5DECF-13C5-495B-B56E-1605D16DEBD6}.Debug|Win32.Build.0 = Debug|Win32
		{11E5DECF-13C5-495B-B56E-1605D16DEBD6}.Release|Win32.ActiveCfg = Release|Win32
		{11E5DECF-13C5-495B-B56E-1605D16DEBD6}.Release|Win32.Build.0 = Release|Win32
	EndGlobalSection
	GlobalSection(SolutionProperties) = preSolution
		HideSolutionNode = FALSE
	EndGlobalSection
EndGlobal
