<?xml version="1.0" encoding="utf-8"?>
<Project ToolsVersion="4.0" xmlns="http://schemas.microsoft.com/developer/msbuild/2003">
  <ItemGroup>
    <ClCompile Include="application.cpp">
      <Filter>Source</Filter>
    </ClCompile>
    <ClCompile Include="main.cpp">
      <Filter>Source</Filter>
    </ClCompile>
    <ClCompile Include="opengl\gl_core_4_4.c">
      <Filter>External Libraries</Filter>
    </ClCompile>
    <ClCompile Include="opengl.cpp">
      <Filter>Source</Filter>
    </ClCompile>
    <ClCompile Include="camera.cpp">
      <Filter>Source</Filter>
    </ClCompile>
    <ClCompile Include="input.cpp">
      <Filter>Source</Filter>
    </ClCompile>
    <ClCompile Include="light.cpp">
      <Filter>Source</Filter>
    </ClCompile>
    <ClCompile Include="mesh.cpp">
      <Filter>Source</Filter>
    </ClCompile>
    <ClCompile Include="meshdata.cpp">
      <Filter>Source</Filter>
    </ClCompile>
    <ClCompile Include="scene.cpp">
      <Filter>Source</Filter>
    </ClCompile>
    <ClCompile Include="sceneBuilder.cpp">
      <Filter>Source</Filter>
    </ClCompile>
    <ClCompile Include="shader.cpp">
      <Filter>Source</Filter>
    </ClCompile>
    <ClCompile Include="texture.cpp">
      <Filter>Source</Filter>
    </ClCompile>
    <ClCompile Include="quad.cpp">
      <Filter>Source</Filter>
    </ClCompile>
    <ClCompile Include="animation.cpp">
      <Filter>Source</Filter>
    </ClCompile>
    <ClCompile Include="postprocessing.cpp">
      <Filter>Source</Filter>
    </ClCompile>
    <ClCompile Include="terrain.cpp">
      <Filter>Source</Filter>
    </ClCompile>
    <ClCompile Include="emitter.cpp">
      <Filter>Source</Filter>
    </ClCompile>
    <ClCompile Include="particle.cpp">
      <Filter>Source</Filter>
    </ClCompile>
    <ClCompile Include="water.cpp">
      <Filter>Source</Filter>
    </ClCompile>
    <ClCompile Include="rendertarget.cpp">
      <Filter>Source</Filter>
    </ClCompile>
    <ClCompile Include="grid.cpp">
      <Filter>Source</Filter>
    </ClCompile>
    <ClCompile Include="textureProcedural.cpp">
      <Filter>Source</Filter>
    </ClCompile>
    <ClCompile Include="sceneUpdater.cpp">
      <Filter>Source</Filter>
    </ClCompile>
    <ClCompile Include="gui.cpp">
      <Filter>Source</Filter>
    </ClCompile>
  </ItemGroup>
  <ItemGroup>
    <ClInclude Include="application.h">
      <Filter>Header</Filter>
    </ClInclude>
    <ClInclude Include="common.h">
      <Filter>Header</Filter>
    </ClInclude>
    <ClInclude Include="opengl\gl_core_4_4.h">
      <Filter>External Libraries</Filter>
    </ClInclude>
    <ClInclude Include="opengl.h">
      <Filter>Header</Filter>
    </ClInclude>
    <ClInclude Include="camera.h">
      <Filter>Header</Filter>
    </ClInclude>
    <ClInclude Include="input.h">
      <Filter>Header</Filter>
    </ClInclude>
    <ClInclude Include="light.h">
      <Filter>Header</Filter>
    </ClInclude>
    <ClInclude Include="mesh.h">
      <Filter>Header</Filter>
    </ClInclude>
    <ClInclude Include="meshdata.h">
      <Filter>Header</Filter>
    </ClInclude>
    <ClInclude Include="scene.h">
      <Filter>Header</Filter>
    </ClInclude>
    <ClInclude Include="sceneBuilder.h">
      <Filter>Header</Filter>
    </ClInclude>
    <ClInclude Include="shader.h">
      <Filter>Header</Filter>
    </ClInclude>
    <ClInclude Include="texture.h">
      <Filter>Header</Filter>
    </ClInclude>
    <ClInclude Include="renderdata.h">
      <Filter>Header</Filter>
    </ClInclude>
    <ClInclude Include="quad.h">
      <Filter>Header</Filter>
    </ClInclude>
    <ClInclude Include="animation.h">
      <Filter>Header</Filter>
    </ClInclude>
    <ClInclude Include="sceneInterface.h">
      <Filter>Header</Filter>
    </ClInclude>
    <ClInclude Include="postprocessing.h">
      <Filter>Header</Filter>
    </ClInclude>
    <ClInclude Include="terrain.h">
      <Filter>Header</Filter>
    </ClInclude>
    <ClInclude Include="emitter.h">
      <Filter>Header</Filter>
    </ClInclude>
    <ClInclude Include="particle.h">
      <Filter>Header</Filter>
    </ClInclude>
    <ClInclude Include="water.h">
      <Filter>Header</Filter>
    </ClInclude>
    <ClInclude Include="rendertarget.h">
      <Filter>Header</Filter>
    </ClInclude>
    <ClInclude Include="grid.h">
      <Filter>Header</Filter>
    </ClInclude>
    <ClInclude Include="textureProcedural.h">
      <Filter>Header</Filter>
    </ClInclude>
    <ClInclude Include="sceneUpdater.h">
      <Filter>Header</Filter>
    </ClInclude>
    <ClInclude Include="sceneData.h">
      <Filter>Header</Filter>
    </ClInclude>
    <ClInclude Include="gui.h">
      <Filter>Header</Filter>
    </ClInclude>
  </ItemGroup>
  <ItemGroup>
    <Filter Include="External Libraries">
      <UniqueIdentifier>{50ba6a71-9f47-430d-a3f5-6dfe43c92d54}</UniqueIdentifier>
    </Filter>
    <Filter Include="Header">
      <UniqueIdentifier>{a99a397a-6203-49a8-b093-a34a4dbf15cf}</UniqueIdentifier>
    </Filter>
    <Filter Include="Source">
      <UniqueIdentifier>{0b073514-5bd2-48f7-abc8-da6fe7a72245}</UniqueIdentifier>
    </Filter>
    <Filter Include="Resources">
      <UniqueIdentifier>{b6ebc489-e87a-458f-83fc-9d5e9db1b6f0}</UniqueIdentifier>
    </Filter>
  </ItemGroup>
  <ItemGroup>
    <Text Include="readme.txt" />
  </ItemGroup>
  <ItemGroup>
    <None Include="..\..\.gitignore" />
  </ItemGroup>
  <ItemGroup>
    <FxCompile Include="Assets\Shaders\blur_horizontal_glsl_frag.fx">
      <Filter>Resources</Filter>
    </FxCompile>
    <FxCompile Include="Assets\Shaders\blur_horizontal_glsl_vert.fx">
      <Filter>Resources</Filter>
    </FxCompile>
    <FxCompile Include="Assets\Shaders\blur_vertical_glsl_frag.fx">
      <Filter>Resources</Filter>
    </FxCompile>
    <FxCompile Include="Assets\Shaders\blur_vertical_glsl_vert.fx">
      <Filter>Resources</Filter>
    </FxCompile>
    <FxCompile Include="Assets\Shaders\bump_glsl_frag.fx">
      <Filter>Resources</Filter>
    </FxCompile>
    <FxCompile Include="Assets\Shaders\bump_glsl_vert.fx">
      <Filter>Resources</Filter>
    </FxCompile>
    <FxCompile Include="Assets\Shaders\bumpspecularcaustics_glsl_frag.fx">
      <Filter>Resources</Filter>
    </FxCompile>
    <FxCompile Include="Assets\Shaders\bumpspecularcaustics_glsl_vert.fx">
      <Filter>Resources</Filter>
    </FxCompile>
    <FxCompile Include="Assets\Shaders\diffuse_glsl_frag.fx">
      <Filter>Resources</Filter>
    </FxCompile>
    <FxCompile Include="Assets\Shaders\diffuse_glsl_vert.fx">
      <Filter>Resources</Filter>
    </FxCompile>
    <FxCompile Include="Assets\Shaders\diffusecaustics_glsl_frag.fx">
      <Filter>Resources</Filter>
    </FxCompile>
    <FxCompile Include="Assets\Shaders\diffusecaustics_glsl_vert.fx">
      <Filter>Resources</Filter>
    </FxCompile>
    <FxCompile Include="Assets\Shaders\flat_glsl_frag.fx">
      <Filter>Resources</Filter>
    </FxCompile>
    <FxCompile Include="Assets\Shaders\flat_glsl_vert.fx">
      <Filter>Resources</Filter>
    </FxCompile>
    <FxCompile Include="Assets\Shaders\particle_glsl_frag.fx">
      <Filter>Resources</Filter>
    </FxCompile>
    <FxCompile Include="Assets\Shaders\particle_glsl_vert.fx">
      <Filter>Resources</Filter>
    </FxCompile>
    <FxCompile Include="Assets\Shaders\post_effects_glsl_frag.fx">
      <Filter>Resources</Filter>
    </FxCompile>
    <FxCompile Include="Assets\Shaders\post_effects_glsl_vert.fx">
      <Filter>Resources</Filter>
    </FxCompile>
    <FxCompile Include="Assets\Shaders\pre_effects_glsl_frag.fx">
      <Filter>Resources</Filter>
    </FxCompile>
    <FxCompile Include="Assets\Shaders\pre_effects_glsl_vert.fx">
      <Filter>Resources</Filter>
    </FxCompile>
    <FxCompile Include="Assets\Shaders\water_glsl_frag.fx">
      <Filter>Resources</Filter>
    </FxCompile>
    <FxCompile Include="Assets\Shaders\water_glsl_vert.fx">
      <Filter>Resources</Filter>
    </FxCompile>
  </ItemGroup>
</Project>