Microsoft Visual Studio Solution File, Format Version 11.00
# Visual Studio 2008

Project("{36864DAF-932B-B3AA-3400-BA3C98FC3BA4}") = "Action At Sea", "Assembly-CSharp-firstpass.csproj", "{DA374C1E-5C38-BB8C-1953-48AC8DF567C3}"
EndProject
Project("{36864DAF-932B-B3AA-3400-BA3C98FC3BA4}") = "Action At Sea", "Assembly-CSharp.csproj", "{12503205-A989-6314-A210-5B7143556C94}"
EndProject
Project("{36864DAF-932B-B3AA-3400-BA3C98FC3BA4}") = "Action At Sea", "Assembly-CSharp-Editor.csproj", "{68DD11E8-5A74-F57A-3550-07D231CA8CF5}"
EndProject
Global
	GlobalSection(SolutionConfigurationPlatforms) = preSolution
		Debug|Any CPU = Debug|Any CPU
		Release|Any CPU = Release|Any CPU
	EndGlobalSection
	GlobalSection(ProjectConfigurationPlatforms) = postSolution
		{DA374C1E-5C38-BB8C-1953-48AC8DF567C3}.Debug|Any CPU.ActiveCfg = Debug|Any CPU
		{DA374C1E-5C38-BB8C-1953-48AC8DF567C3}.Debug|Any CPU.Build.0 = Debug|Any CPU
		{DA374C1E-5C38-BB8C-1953-48AC8DF567C3}.Release|Any CPU.ActiveCfg = Release|Any CPU
		{DA374C1E-5C38-BB8C-1953-48AC8DF567C3}.Release|Any CPU.Build.0 = Release|Any CPU
		{12503205-A989-6314-A210-5B7143556C94}.Debug|Any CPU.ActiveCfg = Debug|Any CPU
		{12503205-A989-6314-A210-5B7143556C94}.Debug|Any CPU.Build.0 = Debug|Any CPU
		{12503205-A989-6314-A210-5B7143556C94}.Release|Any CPU.ActiveCfg = Release|Any CPU
		{12503205-A989-6314-A210-5B7143556C94}.Release|Any CPU.Build.0 = Release|Any CPU
		{68DD11E8-5A74-F57A-3550-07D231CA8CF5}.Debug|Any CPU.ActiveCfg = Debug|Any CPU
		{68DD11E8-5A74-F57A-3550-07D231CA8CF5}.Debug|Any CPU.Build.0 = Debug|Any CPU
		{68DD11E8-5A74-F57A-3550-07D231CA8CF5}.Release|Any CPU.ActiveCfg = Release|Any CPU
		{68DD11E8-5A74-F57A-3550-07D231CA8CF5}.Release|Any CPU.Build.0 = Release|Any CPU
	EndGlobalSection
	GlobalSection(SolutionProperties) = preSolution
		HideSolutionNode = FALSE
	EndGlobalSection
																																																																																																																																																																						GlobalSection(MonoDevelopProperties) = preSolution
		StartupItem = Assembly-CSharp.csproj
		Policies = $0
		$0.TextStylePolicy = $1
		$1.inheritsSet = null
		$1.scope = text/x-csharp
		$0.CSharpFormattingPolicy = $2
		$2.inheritsSet = Mono
		$2.inheritsScope = text/x-csharp
		$2.scope = text/x-csharp
		$0.TextStylePolicy = $3
		$3.FileWidth = 120
		$3.TabWidth = 4
		$3.IndentWidth = 4
		$3.EolMarker = Unix
		$3.inheritsSet = Mono
		$3.inheritsScope = text/plain
		$3.scope = text/plain
	EndGlobalSection

EndGlobal
